
Microsoft Visual Studio Solution File, Format Version 12.00
# Visual Studio Version 17
VisualStudioVersion = 17.2.32630.192
MinimumVisualStudioVersion = 10.0.40219.1
Project("{9A19103F-16F7-4668-BE54-9A1E7A4F7556}") = "Xunkong.Desktop", "Desktop\App\Xunkong.Desktop.csproj", "{9689E5D3-863E-4B92-93D3-043AAAC860E9}"
EndProject
Project("{C7167F0D-BC9F-4E6E-AFE1-012C56B48DB5}") = "Xunkong.Desktop.Package", "Desktop\Package\Xunkong.Desktop.Package.wapproj", "{32ADC47D-4FA7-44A2-8EF1-9BB99FF2233E}"
EndProject
Project("{9A19103F-16F7-4668-BE54-9A1E7A4F7556}") = "Xunkong.Desktop.Background", "Desktop\Background\Xunkong.Desktop.Background.csproj", "{0109BBA4-FC5C-473A-89E5-B721B2A1FF24}"
EndProject
Project("{8BC9CEB8-8B4A-11D0-8D11-00A0C91BC942}") = "Xunkong.Desktop.FpsUnlocker", "Desktop\FpsUnlocker\Xunkong.Desktop.FpsUnlocker.vcxproj", "{5B99557A-5555-48C0-85E2-F58E31031B38}"
EndProject
Project("{9A19103F-16F7-4668-BE54-9A1E7A4F7556}") = "Xunkong.Core", "Common\Xunkong.Core\Xunkong.Core.csproj", "{3F39BFB3-6839-4F37-AD76-F25BF893399A}"
EndProject
Project("{9A19103F-16F7-4668-BE54-9A1E7A4F7556}") = "Xunkong.GenshinData", "Common\Xunkong.GenshinData\Xunkong.GenshinData.csproj", "{F365391E-D14E-4449-A5B0-F1A03C836BD9}"
EndProject
Project("{9A19103F-16F7-4668-BE54-9A1E7A4F7556}") = "Xunkong.Hoyolab", "Common\Xunkong.Hoyolab\Xunkong.Hoyolab.csproj", "{2507C0CD-3AC4-4350-8678-72DA415A667D}"
EndProject
Project("{9A19103F-16F7-4668-BE54-9A1E7A4F7556}") = "Xunkong.ApiClient", "Server\ApiClient\Xunkong.ApiClient.csproj", "{132A703B-183A-440C-8E96-18EED6954B46}"
EndProject
Project("{9A19103F-16F7-4668-BE54-9A1E7A4F7556}") = "Xunkong.ApiServer", "Server\ApiServer\Xunkong.ApiServer.csproj", "{27A74007-233D-46A5-AAF4-ED24F255B559}"
EndProject
Project("{2150E333-8FDC-42A3-9474-1A3956D46DE8}") = "Tool", "Tool", "{9703BC98-F54D-43A0-A6C9-6548E3776181}"
EndProject
Project("{9A19103F-16F7-4668-BE54-9A1E7A4F7556}") = "GenerateWallpaperSql", "Tool\GenerateWallpaperSql\GenerateWallpaperSql.csproj", "{98B7C51A-C603-4CD4-81E9-5A4A7C22D8FE}"
EndProject
Project("{2150E333-8FDC-42A3-9474-1A3956D46DE8}") = "YaeAchievement", "YaeAchievement", "{4A50D7CF-0F67-4397-9308-F5D9BA6C12B1}"
EndProject
Project("{9A19103F-16F7-4668-BE54-9A1E7A4F7556}") = "YaeAchievement", "YaeAchievement\YaeAchievement.csproj", "{4E3D7376-01ED-45F6-B21B-7B66A3ED3753}"
EndProject
Project("{8BC9CEB8-8B4A-11D0-8D11-00A0C91BC942}") = "YaeAchievementLib", "YaeAchievement\lib\YaeAchievementLib.vcxproj", "{83C3DF1A-6219-408E-98A3-C7040CCC96FD}"
EndProject
Project("{9A19103F-16F7-4668-BE54-9A1E7A4F7556}") = "GenshinDataParser", "Tool\GenshinDataParser\GenshinDataParser.csproj", "{DDCADF65-6ED3-47F6-B49E-B2D747BCA74E}"
EndProject
Project("{9A19103F-16F7-4668-BE54-9A1E7A4F7556}") = "ImageSelector", "Tool\ImageSelector\ImageSelector.csproj", "{D2DD1A5A-60DB-4346-805C-1FBEDB11D5BE}"
EndProject
Global
	GlobalSection(SolutionConfigurationPlatforms) = preSolution
		Debug|Any CPU = Debug|Any CPU
		Debug|arm64 = Debug|arm64
		Debug|x64 = Debug|x64
		Debug|x86 = Debug|x86
		Release|Any CPU = Release|Any CPU
		Release|arm64 = Release|arm64
		Release|x64 = Release|x64
		Release|x86 = Release|x86
	EndGlobalSection
	GlobalSection(ProjectConfigurationPlatforms) = postSolution
		{9689E5D3-863E-4B92-93D3-043AAAC860E9}.Debug|Any CPU.ActiveCfg = Debug|x64
		{9689E5D3-863E-4B92-93D3-043AAAC860E9}.Debug|Any CPU.Build.0 = Debug|x64
		{9689E5D3-863E-4B92-93D3-043AAAC860E9}.Debug|arm64.ActiveCfg = Debug|arm64
		{9689E5D3-863E-4B92-93D3-043AAAC860E9}.Debug|arm64.Build.0 = Debug|arm64
		{9689E5D3-863E-4B92-93D3-043AAAC860E9}.Debug|x64.ActiveCfg = Debug|x64
		{9689E5D3-863E-4B92-93D3-043AAAC860E9}.Debug|x64.Build.0 = Debug|x64
		{9689E5D3-863E-4B92-93D3-043AAAC860E9}.Debug|x86.ActiveCfg = Debug|x86
		{9689E5D3-863E-4B92-93D3-043AAAC860E9}.Debug|x86.Build.0 = Debug|x86
		{9689E5D3-863E-4B92-93D3-043AAAC860E9}.Release|Any CPU.ActiveCfg = Release|x64
		{9689E5D3-863E-4B92-93D3-043AAAC860E9}.Release|Any CPU.Build.0 = Release|x64
		{9689E5D3-863E-4B92-93D3-043AAAC860E9}.Release|arm64.ActiveCfg = Release|arm64
		{9689E5D3-863E-4B92-93D3-043AAAC860E9}.Release|arm64.Build.0 = Release|arm64
		{9689E5D3-863E-4B92-93D3-043AAAC860E9}.Release|x64.ActiveCfg = Release|x64
		{9689E5D3-863E-4B92-93D3-043AAAC860E9}.Release|x64.Build.0 = Release|x64
		{9689E5D3-863E-4B92-93D3-043AAAC860E9}.Release|x86.ActiveCfg = Release|x86
		{9689E5D3-863E-4B92-93D3-043AAAC860E9}.Release|x86.Build.0 = Release|x86
		{32ADC47D-4FA7-44A2-8EF1-9BB99FF2233E}.Debug|Any CPU.ActiveCfg = Debug|x64
		{32ADC47D-4FA7-44A2-8EF1-9BB99FF2233E}.Debug|Any CPU.Build.0 = Debug|x64
		{32ADC47D-4FA7-44A2-8EF1-9BB99FF2233E}.Debug|Any CPU.Deploy.0 = Debug|x64
		{32ADC47D-4FA7-44A2-8EF1-9BB99FF2233E}.Debug|arm64.ActiveCfg = Debug|arm64
		{32ADC47D-4FA7-44A2-8EF1-9BB99FF2233E}.Debug|arm64.Build.0 = Debug|arm64
		{32ADC47D-4FA7-44A2-8EF1-9BB99FF2233E}.Debug|arm64.Deploy.0 = Debug|arm64
		{32ADC47D-4FA7-44A2-8EF1-9BB99FF2233E}.Debug|x64.ActiveCfg = Debug|x64
		{32ADC47D-4FA7-44A2-8EF1-9BB99FF2233E}.Debug|x64.Build.0 = Debug|x64
		{32ADC47D-4FA7-44A2-8EF1-9BB99FF2233E}.Debug|x64.Deploy.0 = Debug|x64
		{32ADC47D-4FA7-44A2-8EF1-9BB99FF2233E}.Debug|x86.ActiveCfg = Debug|x86
		{32ADC47D-4FA7-44A2-8EF1-9BB99FF2233E}.Debug|x86.Build.0 = Debug|x86
		{32ADC47D-4FA7-44A2-8EF1-9BB99FF2233E}.Debug|x86.Deploy.0 = Debug|x86
		{32ADC47D-4FA7-44A2-8EF1-9BB99FF2233E}.Release|Any CPU.ActiveCfg = Release|x64
		{32ADC47D-4FA7-44A2-8EF1-9BB99FF2233E}.Release|Any CPU.Build.0 = Release|x64
		{32ADC47D-4FA7-44A2-8EF1-9BB99FF2233E}.Release|Any CPU.Deploy.0 = Release|x64
		{32ADC47D-4FA7-44A2-8EF1-9BB99FF2233E}.Release|arm64.ActiveCfg = Release|arm64
		{32ADC47D-4FA7-44A2-8EF1-9BB99FF2233E}.Release|arm64.Build.0 = Release|arm64
		{32ADC47D-4FA7-44A2-8EF1-9BB99FF2233E}.Release|arm64.Deploy.0 = Release|arm64
		{32ADC47D-4FA7-44A2-8EF1-9BB99FF2233E}.Release|x64.ActiveCfg = Release|x64
		{32ADC47D-4FA7-44A2-8EF1-9BB99FF2233E}.Release|x64.Build.0 = Release|x64
		{32ADC47D-4FA7-44A2-8EF1-9BB99FF2233E}.Release|x64.Deploy.0 = Release|x64
		{32ADC47D-4FA7-44A2-8EF1-9BB99FF2233E}.Release|x86.ActiveCfg = Release|x86
		{32ADC47D-4FA7-44A2-8EF1-9BB99FF2233E}.Release|x86.Build.0 = Release|x86
		{32ADC47D-4FA7-44A2-8EF1-9BB99FF2233E}.Release|x86.Deploy.0 = Release|x86
		{0109BBA4-FC5C-473A-89E5-B721B2A1FF24}.Debug|Any CPU.ActiveCfg = Debug|x64
		{0109BBA4-FC5C-473A-89E5-B721B2A1FF24}.Debug|Any CPU.Build.0 = Debug|x64
		{0109BBA4-FC5C-473A-89E5-B721B2A1FF24}.Debug|arm64.ActiveCfg = Debug|arm64
		{0109BBA4-FC5C-473A-89E5-B721B2A1FF24}.Debug|arm64.Build.0 = Debug|arm64
		{0109BBA4-FC5C-473A-89E5-B721B2A1FF24}.Debug|x64.ActiveCfg = Debug|x64
		{0109BBA4-FC5C-473A-89E5-B721B2A1FF24}.Debug|x64.Build.0 = Debug|x64
		{0109BBA4-FC5C-473A-89E5-B721B2A1FF24}.Debug|x86.ActiveCfg = Debug|x86
		{0109BBA4-FC5C-473A-89E5-B721B2A1FF24}.Debug|x86.Build.0 = Debug|x86
		{0109BBA4-FC5C-473A-89E5-B721B2A1FF24}.Release|Any CPU.ActiveCfg = Release|x64
		{0109BBA4-FC5C-473A-89E5-B721B2A1FF24}.Release|Any CPU.Build.0 = Release|x64
		{0109BBA4-FC5C-473A-89E5-B721B2A1FF24}.Release|arm64.ActiveCfg = Release|arm64
		{0109BBA4-FC5C-473A-89E5-B721B2A1FF24}.Release|arm64.Build.0 = Release|arm64
		{0109BBA4-FC5C-473A-89E5-B721B2A1FF24}.Release|x64.ActiveCfg = Release|x64
		{0109BBA4-FC5C-473A-89E5-B721B2A1FF24}.Release|x64.Build.0 = Release|x64
		{0109BBA4-FC5C-473A-89E5-B721B2A1FF24}.Release|x86.ActiveCfg = Release|x86
		{0109BBA4-FC5C-473A-89E5-B721B2A1FF24}.Release|x86.Build.0 = Release|x86
		{5B99557A-5555-48C0-85E2-F58E31031B38}.Debug|Any CPU.ActiveCfg = Debug|x64
		{5B99557A-5555-48C0-85E2-F58E31031B38}.Debug|Any CPU.Build.0 = Debug|x64
		{5B99557A-5555-48C0-85E2-F58E31031B38}.Debug|arm64.ActiveCfg = Debug|x64
		{5B99557A-5555-48C0-85E2-F58E31031B38}.Debug|arm64.Build.0 = Debug|x64
		{5B99557A-5555-48C0-85E2-F58E31031B38}.Debug|x64.ActiveCfg = Debug|x64
		{5B99557A-5555-48C0-85E2-F58E31031B38}.Debug|x64.Build.0 = Debug|x64
		{5B99557A-5555-48C0-85E2-F58E31031B38}.Debug|x86.ActiveCfg = Debug|Win32
		{5B99557A-5555-48C0-85E2-F58E31031B38}.Debug|x86.Build.0 = Debug|Win32
		{5B99557A-5555-48C0-85E2-F58E31031B38}.Release|Any CPU.ActiveCfg = Release|x64
		{5B99557A-5555-48C0-85E2-F58E31031B38}.Release|Any CPU.Build.0 = Release|x64
		{5B99557A-5555-48C0-85E2-F58E31031B38}.Release|arm64.ActiveCfg = Release|x64
		{5B99557A-5555-48C0-85E2-F58E31031B38}.Release|arm64.Build.0 = Release|x64
		{5B99557A-5555-48C0-85E2-F58E31031B38}.Release|x64.ActiveCfg = Release|x64
		{5B99557A-5555-48C0-85E2-F58E31031B38}.Release|x64.Build.0 = Release|x64
		{5B99557A-5555-48C0-85E2-F58E31031B38}.Release|x86.ActiveCfg = Release|Win32
		{5B99557A-5555-48C0-85E2-F58E31031B38}.Release|x86.Build.0 = Release|Win32
		{3F39BFB3-6839-4F37-AD76-F25BF893399A}.Debug|Any CPU.ActiveCfg = Debug|Any CPU
		{3F39BFB3-6839-4F37-AD76-F25BF893399A}.Debug|Any CPU.Build.0 = Debug|Any CPU
		{3F39BFB3-6839-4F37-AD76-F25BF893399A}.Debug|arm64.ActiveCfg = Debug|Any CPU
		{3F39BFB3-6839-4F37-AD76-F25BF893399A}.Debug|arm64.Build.0 = Debug|Any CPU
		{3F39BFB3-6839-4F37-AD76-F25BF893399A}.Debug|x64.ActiveCfg = Debug|Any CPU
		{3F39BFB3-6839-4F37-AD76-F25BF893399A}.Debug|x64.Build.0 = Debug|Any CPU
		{3F39BFB3-6839-4F37-AD76-F25BF893399A}.Debug|x86.ActiveCfg = Debug|Any CPU
		{3F39BFB3-6839-4F37-AD76-F25BF893399A}.Debug|x86.Build.0 = Debug|Any CPU
		{3F39BFB3-6839-4F37-AD76-F25BF893399A}.Release|Any CPU.ActiveCfg = Release|Any CPU
		{3F39BFB3-6839-4F37-AD76-F25BF893399A}.Release|Any CPU.Build.0 = Release|Any CPU
		{3F39BFB3-6839-4F37-AD76-F25BF893399A}.Release|arm64.ActiveCfg = Release|Any CPU
		{3F39BFB3-6839-4F37-AD76-F25BF893399A}.Release|arm64.Build.0 = Release|Any CPU
		{3F39BFB3-6839-4F37-AD76-F25BF893399A}.Release|x64.ActiveCfg = Release|Any CPU
		{3F39BFB3-6839-4F37-AD76-F25BF893399A}.Release|x64.Build.0 = Release|Any CPU
		{3F39BFB3-6839-4F37-AD76-F25BF893399A}.Release|x86.ActiveCfg = Release|Any CPU
		{3F39BFB3-6839-4F37-AD76-F25BF893399A}.Release|x86.Build.0 = Release|Any CPU
		{F365391E-D14E-4449-A5B0-F1A03C836BD9}.Debug|Any CPU.ActiveCfg = Debug|Any CPU
		{F365391E-D14E-4449-A5B0-F1A03C836BD9}.Debug|Any CPU.Build.0 = Debug|Any CPU
		{F365391E-D14E-4449-A5B0-F1A03C836BD9}.Debug|arm64.ActiveCfg = Debug|Any CPU
		{F365391E-D14E-4449-A5B0-F1A03C836BD9}.Debug|arm64.Build.0 = Debug|Any CPU
		{F365391E-D14E-4449-A5B0-F1A03C836BD9}.Debug|x64.ActiveCfg = Debug|Any CPU
		{F365391E-D14E-4449-A5B0-F1A03C836BD9}.Debug|x64.Build.0 = Debug|Any CPU
		{F365391E-D14E-4449-A5B0-F1A03C836BD9}.Debug|x86.ActiveCfg = Debug|Any CPU
		{F365391E-D14E-4449-A5B0-F1A03C836BD9}.Debug|x86.Build.0 = Debug|Any CPU
		{F365391E-D14E-4449-A5B0-F1A03C836BD9}.Release|Any CPU.ActiveCfg = Release|Any CPU
		{F365391E-D14E-4449-A5B0-F1A03C836BD9}.Release|Any CPU.Build.0 = Release|Any CPU
		{F365391E-D14E-4449-A5B0-F1A03C836BD9}.Release|arm64.ActiveCfg = Release|Any CPU
		{F365391E-D14E-4449-A5B0-F1A03C836BD9}.Release|arm64.Build.0 = Release|Any CPU
		{F365391E-D14E-4449-A5B0-F1A03C836BD9}.Release|x64.ActiveCfg = Release|Any CPU
		{F365391E-D14E-4449-A5B0-F1A03C836BD9}.Release|x64.Build.0 = Release|Any CPU
		{F365391E-D14E-4449-A5B0-F1A03C836BD9}.Release|x86.ActiveCfg = Release|Any CPU
		{F365391E-D14E-4449-A5B0-F1A03C836BD9}.Release|x86.Build.0 = Release|Any CPU
		{2507C0CD-3AC4-4350-8678-72DA415A667D}.Debug|Any CPU.ActiveCfg = Debug|Any CPU
		{2507C0CD-3AC4-4350-8678-72DA415A667D}.Debug|Any CPU.Build.0 = Debug|Any CPU
		{2507C0CD-3AC4-4350-8678-72DA415A667D}.Debug|arm64.ActiveCfg = Debug|Any CPU
		{2507C0CD-3AC4-4350-8678-72DA415A667D}.Debug|arm64.Build.0 = Debug|Any CPU
		{2507C0CD-3AC4-4350-8678-72DA415A667D}.Debug|x64.ActiveCfg = Debug|Any CPU
		{2507C0CD-3AC4-4350-8678-72DA415A667D}.Debug|x64.Build.0 = Debug|Any CPU
		{2507C0CD-3AC4-4350-8678-72DA415A667D}.Debug|x86.ActiveCfg = Debug|Any CPU
		{2507C0CD-3AC4-4350-8678-72DA415A667D}.Debug|x86.Build.0 = Debug|Any CPU
		{2507C0CD-3AC4-4350-8678-72DA415A667D}.Release|Any CPU.ActiveCfg = Release|Any CPU
		{2507C0CD-3AC4-4350-8678-72DA415A667D}.Release|Any CPU.Build.0 = Release|Any CPU
		{2507C0CD-3AC4-4350-8678-72DA415A667D}.Release|arm64.ActiveCfg = Release|Any CPU
		{2507C0CD-3AC4-4350-8678-72DA415A667D}.Release|arm64.Build.0 = Release|Any CPU
		{2507C0CD-3AC4-4350-8678-72DA415A667D}.Release|x64.ActiveCfg = Release|Any CPU
		{2507C0CD-3AC4-4350-8678-72DA415A667D}.Release|x64.Build.0 = Release|Any CPU
		{2507C0CD-3AC4-4350-8678-72DA415A667D}.Release|x86.ActiveCfg = Release|Any CPU
		{2507C0CD-3AC4-4350-8678-72DA415A667D}.Release|x86.Build.0 = Release|Any CPU
		{132A703B-183A-440C-8E96-18EED6954B46}.Debug|Any CPU.ActiveCfg = Debug|Any CPU
		{132A703B-183A-440C-8E96-18EED6954B46}.Debug|Any CPU.Build.0 = Debug|Any CPU
		{132A703B-183A-440C-8E96-18EED6954B46}.Debug|arm64.ActiveCfg = Debug|Any CPU
		{132A703B-183A-440C-8E96-18EED6954B46}.Debug|arm64.Build.0 = Debug|Any CPU
		{132A703B-183A-440C-8E96-18EED6954B46}.Debug|x64.ActiveCfg = Debug|Any CPU
		{132A703B-183A-440C-8E96-18EED6954B46}.Debug|x64.Build.0 = Debug|Any CPU
		{132A703B-183A-440C-8E96-18EED6954B46}.Debug|x86.ActiveCfg = Debug|Any CPU
		{132A703B-183A-440C-8E96-18EED6954B46}.Debug|x86.Build.0 = Debug|Any CPU
		{132A703B-183A-440C-8E96-18EED6954B46}.Release|Any CPU.ActiveCfg = Release|Any CPU
		{132A703B-183A-440C-8E96-18EED6954B46}.Release|Any CPU.Build.0 = Release|Any CPU
		{132A703B-183A-440C-8E96-18EED6954B46}.Release|arm64.ActiveCfg = Release|Any CPU
		{132A703B-183A-440C-8E96-18EED6954B46}.Release|arm64.Build.0 = Release|Any CPU
		{132A703B-183A-440C-8E96-18EED6954B46}.Release|x64.ActiveCfg = Release|Any CPU
		{132A703B-183A-440C-8E96-18EED6954B46}.Release|x64.Build.0 = Release|Any CPU
		{132A703B-183A-440C-8E96-18EED6954B46}.Release|x86.ActiveCfg = Release|Any CPU
		{132A703B-183A-440C-8E96-18EED6954B46}.Release|x86.Build.0 = Release|Any CPU
		{27A74007-233D-46A5-AAF4-ED24F255B559}.Debug|Any CPU.ActiveCfg = Debug|Any CPU
		{27A74007-233D-46A5-AAF4-ED24F255B559}.Debug|Any CPU.Build.0 = Debug|Any CPU
		{27A74007-233D-46A5-AAF4-ED24F255B559}.Debug|arm64.ActiveCfg = Debug|Any CPU
		{27A74007-233D-46A5-AAF4-ED24F255B559}.Debug|arm64.Build.0 = Debug|Any CPU
		{27A74007-233D-46A5-AAF4-ED24F255B559}.Debug|x64.ActiveCfg = Debug|Any CPU
		{27A74007-233D-46A5-AAF4-ED24F255B559}.Debug|x64.Build.0 = Debug|Any CPU
		{27A74007-233D-46A5-AAF4-ED24F255B559}.Debug|x86.ActiveCfg = Debug|Any CPU
		{27A74007-233D-46A5-AAF4-ED24F255B559}.Debug|x86.Build.0 = Debug|Any CPU
		{27A74007-233D-46A5-AAF4-ED24F255B559}.Release|Any CPU.ActiveCfg = Release|Any CPU
		{27A74007-233D-46A5-AAF4-ED24F255B559}.Release|Any CPU.Build.0 = Release|Any CPU
		{27A74007-233D-46A5-AAF4-ED24F255B559}.Release|arm64.ActiveCfg = Release|Any CPU
		{27A74007-233D-46A5-AAF4-ED24F255B559}.Release|arm64.Build.0 = Release|Any CPU
		{27A74007-233D-46A5-AAF4-ED24F255B559}.Release|x64.ActiveCfg = Release|Any CPU
		{27A74007-233D-46A5-AAF4-ED24F255B559}.Release|x64.Build.0 = Release|Any CPU
		{27A74007-233D-46A5-AAF4-ED24F255B559}.Release|x86.ActiveCfg = Release|Any CPU
		{27A74007-233D-46A5-AAF4-ED24F255B559}.Release|x86.Build.0 = Release|Any CPU
		{98B7C51A-C603-4CD4-81E9-5A4A7C22D8FE}.Debug|Any CPU.ActiveCfg = Debug|Any CPU
		{98B7C51A-C603-4CD4-81E9-5A4A7C22D8FE}.Debug|Any CPU.Build.0 = Debug|Any CPU
		{98B7C51A-C603-4CD4-81E9-5A4A7C22D8FE}.Debug|arm64.ActiveCfg = Debug|Any CPU
		{98B7C51A-C603-4CD4-81E9-5A4A7C22D8FE}.Debug|arm64.Build.0 = Debug|Any CPU
		{98B7C51A-C603-4CD4-81E9-5A4A7C22D8FE}.Debug|x64.ActiveCfg = Debug|Any CPU
		{98B7C51A-C603-4CD4-81E9-5A4A7C22D8FE}.Debug|x64.Build.0 = Debug|Any CPU
		{98B7C51A-C603-4CD4-81E9-5A4A7C22D8FE}.Debug|x86.ActiveCfg = Debug|Any CPU
		{98B7C51A-C603-4CD4-81E9-5A4A7C22D8FE}.Debug|x86.Build.0 = Debug|Any CPU
		{98B7C51A-C603-4CD4-81E9-5A4A7C22D8FE}.Release|Any CPU.ActiveCfg = Release|Any CPU
		{98B7C51A-C603-4CD4-81E9-5A4A7C22D8FE}.Release|Any CPU.Build.0 = Release|Any CPU
		{98B7C51A-C603-4CD4-81E9-5A4A7C22D8FE}.Release|arm64.ActiveCfg = Release|Any CPU
		{98B7C51A-C603-4CD4-81E9-5A4A7C22D8FE}.Release|arm64.Build.0 = Release|Any CPU
		{98B7C51A-C603-4CD4-81E9-5A4A7C22D8FE}.Release|x64.ActiveCfg = Release|Any CPU
		{98B7C51A-C603-4CD4-81E9-5A4A7C22D8FE}.Release|x64.Build.0 = Release|Any CPU
		{98B7C51A-C603-4CD4-81E9-5A4A7C22D8FE}.Release|x86.ActiveCfg = Release|Any CPU
		{98B7C51A-C603-4CD4-81E9-5A4A7C22D8FE}.Release|x86.Build.0 = Release|Any CPU
		{4E3D7376-01ED-45F6-B21B-7B66A3ED3753}.Debug|Any CPU.ActiveCfg = Debug|x64
		{4E3D7376-01ED-45F6-B21B-7B66A3ED3753}.Debug|Any CPU.Build.0 = Debug|x64
		{4E3D7376-01ED-45F6-B21B-7B66A3ED3753}.Debug|arm64.ActiveCfg = Debug|arm64
		{4E3D7376-01ED-45F6-B21B-7B66A3ED3753}.Debug|arm64.Build.0 = Debug|arm64
		{4E3D7376-01ED-45F6-B21B-7B66A3ED3753}.Debug|x64.ActiveCfg = Debug|x64
		{4E3D7376-01ED-45F6-B21B-7B66A3ED3753}.Debug|x64.Build.0 = Debug|x64
		{4E3D7376-01ED-45F6-B21B-7B66A3ED3753}.Debug|x86.ActiveCfg = Debug|x86
		{4E3D7376-01ED-45F6-B21B-7B66A3ED3753}.Debug|x86.Build.0 = Debug|x86
		{4E3D7376-01ED-45F6-B21B-7B66A3ED3753}.Release|Any CPU.ActiveCfg = Release|x64
		{4E3D7376-01ED-45F6-B21B-7B66A3ED3753}.Release|Any CPU.Build.0 = Release|x64
		{4E3D7376-01ED-45F6-B21B-7B66A3ED3753}.Release|arm64.ActiveCfg = Release|arm64
		{4E3D7376-01ED-45F6-B21B-7B66A3ED3753}.Release|arm64.Build.0 = Release|arm64
		{4E3D7376-01ED-45F6-B21B-7B66A3ED3753}.Release|x64.ActiveCfg = Release|x64
		{4E3D7376-01ED-45F6-B21B-7B66A3ED3753}.Release|x64.Build.0 = Release|x64
		{4E3D7376-01ED-45F6-B21B-7B66A3ED3753}.Release|x86.ActiveCfg = Release|x86
		{4E3D7376-01ED-45F6-B21B-7B66A3ED3753}.Release|x86.Build.0 = Release|x86
		{83C3DF1A-6219-408E-98A3-C7040CCC96FD}.Debug|Any CPU.ActiveCfg = Debug|x64
		{83C3DF1A-6219-408E-98A3-C7040CCC96FD}.Debug|Any CPU.Build.0 = Debug|x64
		{83C3DF1A-6219-408E-98A3-C7040CCC96FD}.Debug|arm64.ActiveCfg = Debug|x64
		{83C3DF1A-6219-408E-98A3-C7040CCC96FD}.Debug|arm64.Build.0 = Debug|x64
		{83C3DF1A-6219-408E-98A3-C7040CCC96FD}.Debug|x64.ActiveCfg = Debug|x64
		{83C3DF1A-6219-408E-98A3-C7040CCC96FD}.Debug|x64.Build.0 = Debug|x64
		{83C3DF1A-6219-408E-98A3-C7040CCC96FD}.Debug|x86.ActiveCfg = Debug|x64
		{83C3DF1A-6219-408E-98A3-C7040CCC96FD}.Debug|x86.Build.0 = Debug|x64
		{83C3DF1A-6219-408E-98A3-C7040CCC96FD}.Release|Any CPU.ActiveCfg = Release|x64
		{83C3DF1A-6219-408E-98A3-C7040CCC96FD}.Release|Any CPU.Build.0 = Release|x64
		{83C3DF1A-6219-408E-98A3-C7040CCC96FD}.Release|arm64.ActiveCfg = Release|x64
		{83C3DF1A-6219-408E-98A3-C7040CCC96FD}.Release|arm64.Build.0 = Release|x64
		{83C3DF1A-6219-408E-98A3-C7040CCC96FD}.Release|x64.ActiveCfg = Release|x64
		{83C3DF1A-6219-408E-98A3-C7040CCC96FD}.Release|x64.Build.0 = Release|x64
		{83C3DF1A-6219-408E-98A3-C7040CCC96FD}.Release|x86.ActiveCfg = Release|x64
		{83C3DF1A-6219-408E-98A3-C7040CCC96FD}.Release|x86.Build.0 = Release|x64
		{DDCADF65-6ED3-47F6-B49E-B2D747BCA74E}.Debug|Any CPU.ActiveCfg = Debug|Any CPU
		{DDCADF65-6ED3-47F6-B49E-B2D747BCA74E}.Debug|Any CPU.Build.0 = Debug|Any CPU
		{DDCADF65-6ED3-47F6-B49E-B2D747BCA74E}.Debug|arm64.ActiveCfg = Debug|Any CPU
		{DDCADF65-6ED3-47F6-B49E-B2D747BCA74E}.Debug|arm64.Build.0 = Debug|Any CPU
		{DDCADF65-6ED3-47F6-B49E-B2D747BCA74E}.Debug|x64.ActiveCfg = Debug|Any CPU
		{DDCADF65-6ED3-47F6-B49E-B2D747BCA74E}.Debug|x64.Build.0 = Debug|Any CPU
		{DDCADF65-6ED3-47F6-B49E-B2D747BCA74E}.Debug|x86.ActiveCfg = Debug|Any CPU
		{DDCADF65-6ED3-47F6-B49E-B2D747BCA74E}.Debug|x86.Build.0 = Debug|Any CPU
		{DDCADF65-6ED3-47F6-B49E-B2D747BCA74E}.Release|Any CPU.ActiveCfg = Release|Any CPU
		{DDCADF65-6ED3-47F6-B49E-B2D747BCA74E}.Release|Any CPU.Build.0 = Release|Any CPU
		{DDCADF65-6ED3-47F6-B49E-B2D747BCA74E}.Release|arm64.ActiveCfg = Release|Any CPU
		{DDCADF65-6ED3-47F6-B49E-B2D747BCA74E}.Release|arm64.Build.0 = Release|Any CPU
		{DDCADF65-6ED3-47F6-B49E-B2D747BCA74E}.Release|x64.ActiveCfg = Release|Any CPU
		{DDCADF65-6ED3-47F6-B49E-B2D747BCA74E}.Release|x64.Build.0 = Release|Any CPU
		{DDCADF65-6ED3-47F6-B49E-B2D747BCA74E}.Release|x86.ActiveCfg = Release|Any CPU
		{DDCADF65-6ED3-47F6-B49E-B2D747BCA74E}.Release|x86.Build.0 = Release|Any CPU
		{D2DD1A5A-60DB-4346-805C-1FBEDB11D5BE}.Debug|Any CPU.ActiveCfg = Debug|Any CPU
		{D2DD1A5A-60DB-4346-805C-1FBEDB11D5BE}.Debug|Any CPU.Build.0 = Debug|Any CPU
		{D2DD1A5A-60DB-4346-805C-1FBEDB11D5BE}.Debug|arm64.ActiveCfg = Debug|Any CPU
		{D2DD1A5A-60DB-4346-805C-1FBEDB11D5BE}.Debug|arm64.Build.0 = Debug|Any CPU
		{D2DD1A5A-60DB-4346-805C-1FBEDB11D5BE}.Debug|x64.ActiveCfg = Debug|Any CPU
		{D2DD1A5A-60DB-4346-805C-1FBEDB11D5BE}.Debug|x64.Build.0 = Debug|Any CPU
		{D2DD1A5A-60DB-4346-805C-1FBEDB11D5BE}.Debug|x86.ActiveCfg = Debug|Any CPU
		{D2DD1A5A-60DB-4346-805C-1FBEDB11D5BE}.Debug|x86.Build.0 = Debug|Any CPU
		{D2DD1A5A-60DB-4346-805C-1FBEDB11D5BE}.Release|Any CPU.ActiveCfg = Release|Any CPU
		{D2DD1A5A-60DB-4346-805C-1FBEDB11D5BE}.Release|Any CPU.Build.0 = Release|Any CPU
		{D2DD1A5A-60DB-4346-805C-1FBEDB11D5BE}.Release|arm64.ActiveCfg = Release|Any CPU
		{D2DD1A5A-60DB-4346-805C-1FBEDB11D5BE}.Release|arm64.Build.0 = Release|Any CPU
		{D2DD1A5A-60DB-4346-805C-1FBEDB11D5BE}.Release|x64.ActiveCfg = Release|Any CPU
		{D2DD1A5A-60DB-4346-805C-1FBEDB11D5BE}.Release|x64.Build.0 = Release|Any CPU
		{D2DD1A5A-60DB-4346-805C-1FBEDB11D5BE}.Release|x86.ActiveCfg = Release|Any CPU
		{D2DD1A5A-60DB-4346-805C-1FBEDB11D5BE}.Release|x86.Build.0 = Release|Any CPU
	EndGlobalSection
	GlobalSection(SolutionProperties) = preSolution
		HideSolutionNode = FALSE
	EndGlobalSection
	GlobalSection(NestedProjects) = preSolution
		{98B7C51A-C603-4CD4-81E9-5A4A7C22D8FE} = {9703BC98-F54D-43A0-A6C9-6548E3776181}
		{4E3D7376-01ED-45F6-B21B-7B66A3ED3753} = {4A50D7CF-0F67-4397-9308-F5D9BA6C12B1}
		{83C3DF1A-6219-408E-98A3-C7040CCC96FD} = {4A50D7CF-0F67-4397-9308-F5D9BA6C12B1}
		{DDCADF65-6ED3-47F6-B49E-B2D747BCA74E} = {9703BC98-F54D-43A0-A6C9-6548E3776181}
		{D2DD1A5A-60DB-4346-805C-1FBEDB11D5BE} = {9703BC98-F54D-43A0-A6C9-6548E3776181}
	EndGlobalSection
	GlobalSection(ExtensibilityGlobals) = postSolution
		SolutionGuid = {1F771608-3C7E-4E89-AADD-CAC8D6ABFF83}
	EndGlobalSection
EndGlobal
